// !$*UTF8*$!
{
	archiveVersion = 1;
	classes = {
	};
	objectVersion = 55;
	objects = {

/* Begin PBXBuildFile section */
		FB61B9382958A9AA00D571C0 /* AppDelegate.swift in Sources */ = {isa = PBXBuildFile; fileRef = FB61B9372958A9AA00D571C0 /* AppDelegate.swift */; };
		FB61B93A2958A9AA00D571C0 /* SceneDelegate.swift in Sources */ = {isa = PBXBuildFile; fileRef = FB61B9392958A9AA00D571C0 /* SceneDelegate.swift */; };
		FB61B93C2958A9AA00D571C0 /* ViewController.swift in Sources */ = {isa = PBXBuildFile; fileRef = FB61B93B2958A9AA00D571C0 /* ViewController.swift */; };
		FB61B93F2958A9AA00D571C0 /* Main.storyboard in Resources */ = {isa = PBXBuildFile; fileRef = FB61B93D2958A9AA00D571C0 /* Main.storyboard */; };
		FB61B9412958A9AC00D571C0 /* Assets.xcassets in Resources */ = {isa = PBXBuildFile; fileRef = FB61B9402958A9AC00D571C0 /* Assets.xcassets */; };
		FB61B9442958A9AC00D571C0 /* LaunchScreen.storyboard in Resources */ = {isa = PBXBuildFile; fileRef = FB61B9422958A9AC00D571C0 /* LaunchScreen.storyboard */; };
		FB61B94C2958BDE700D571C0 /* GifCollectionViewCell.swift in Sources */ = {isa = PBXBuildFile; fileRef = FB61B94B2958BDE700D571C0 /* GifCollectionViewCell.swift */; };
		FB61B94F2959A5B300D571C0 /* FLAnimatedImage in Frameworks */ = {isa = PBXBuildFile; productRef = FB61B94E2959A5B300D571C0 /* FLAnimatedImage */; };
/* End PBXBuildFile section */

/* Begin PBXFileReference section */
		FB61B9342958A9AA00D571C0 /* GifSearch.app */ = {isa = PBXFileReference; explicitFileType = wrapper.application; includeInIndex = 0; path = GifSearch.app; sourceTree = BUILT_PRODUCTS_DIR; };
		FB61B9372958A9AA00D571C0 /* AppDelegate.swift */ = {isa = PBXFileReference; lastKnownFileType = sourcecode.swift; path = AppDelegate.swift; sourceTree = "<group>"; };
		FB61B9392958A9AA00D571C0 /* SceneDelegate.swift */ = {isa = PBXFileReference; lastKnownFileType = sourcecode.swift; path = SceneDelegate.swift; sourceTree = "<group>"; };
		FB61B93B2958A9AA00D571C0 /* ViewController.swift */ = {isa = PBXFileReference; lastKnownFileType = sourcecode.swift; path = ViewController.swift; sourceTree = "<group>"; };
		FB61B93E2958A9AA00D571C0 /* Base */ = {isa = PBXFileReference; lastKnownFileType = file.storyboard; name = Base; path = Base.lproj/Main.storyboard; sourceTree = "<group>"; };
		FB61B9402958A9AC00D571C0 /* Assets.xcassets */ = {isa = PBXFileReference; lastKnownFileType = folder.assetcatalog; path = Assets.xcassets; sourceTree = "<group>"; };
		FB61B9432958A9AC00D571C0 /* Base */ = {isa = PBXFileReference; lastKnownFileType = file.storyboard; name = Base; path = Base.lproj/LaunchScreen.storyboard; sourceTree = "<group>"; };
		FB61B9452958A9AC00D571C0 /* Info.plist */ = {isa = PBXFileReference; lastKnownFileType = text.plist.xml; path = Info.plist; sourceTree = "<group>"; };
		FB61B94B2958BDE700D571C0 /* GifCollectionViewCell.swift */ = {isa = PBXFileReference; lastKnownFileType = sourcecode.swift; path = GifCollectionViewCell.swift; sourceTree = "<group>"; };
/* End PBXFileReference section */

/* Begin PBXFrameworksBuildPhase section */
		FB61B9312958A9AA00D571C0 /* Frameworks */ = {
			isa = PBXFrameworksBuildPhase;
			buildActionMask = 2147483647;
			files = (
				FB61B94F2959A5B300D571C0 /* FLAnimatedImage in Frameworks */,
			);
			runOnlyForDeploymentPostprocessing = 0;
		};
/* End PBXFrameworksBuildPhase section */

/* Begin PBXGroup section */
		FB61B92B2958A9AA00D571C0 = {
			isa = PBXGroup;
			children = (
				FB61B9362958A9AA00D571C0 /* GifSearch */,
				FB61B9352958A9AA00D571C0 /* Products */,
			);
			sourceTree = "<group>";
		};
		FB61B9352958A9AA00D571C0 /* Products */ = {
			isa = PBXGroup;
			children = (
				FB61B9342958A9AA00D571C0 /* GifSearch.app */,
			);
			name = Products;
			sourceTree = "<group>";
		};
		FB61B9362958A9AA00D571C0 /* GifSearch */ = {
			isa = PBXGroup;
			children = (
				FB61B9372958A9AA00D571C0 /* AppDelegate.swift */,
				FB61B9392958A9AA00D571C0 /* SceneDelegate.swift */,
				FB61B93B2958A9AA00D571C0 /* ViewController.swift */,
				FB61B93D2958A9AA00D571C0 /* Main.storyboard */,
				FB61B9402958A9AC00D571C0 /* Assets.xcassets */,
				FB61B9422958A9AC00D571C0 /* LaunchScreen.storyboard */,
				FB61B9452958A9AC00D571C0 /* Info.plist */,
				FB61B94B2958BDE700D571C0 /* GifCollectionViewCell.swift */,
			);
			path = GifSearch;
			sourceTree = "<group>";
		};
/* End PBXGroup section */

/* Begin PBXNativeTarget section */
		FB61B9332958A9AA00D571C0 /* GifSearch */ = {
			isa = PBXNativeTarget;
			buildConfigurationList = FB61B9482958A9AC00D571C0 /* Build configuration list for PBXNativeTarget "GifSearch" */;
			buildPhases = (
				FB61B9302958A9AA00D571C0 /* Sources */,
				FB61B9312958A9AA00D571C0 /* Frameworks */,
				FB61B9322958A9AA00D571C0 /* Resources */,
			);
			buildRules = (
			);
			dependencies = (
			);
			name = GifSearch;
			packageProductDependencies = (
				FB61B94E2959A5B300D571C0 /* FLAnimatedImage */,
			);
			productName = GifSearch;
			productReference = FB61B9342958A9AA00D571C0 /* GifSearch.app */;
			productType = "com.apple.product-type.application";
		};
/* End PBXNativeTarget section */

/* Begin PBXProject section */
		FB61B92C2958A9AA00D571C0 /* Project object */ = {
			isa = PBXProject;
			attributes = {
				BuildIndependentTargetsInParallel = 1;
				LastSwiftUpdateCheck = 1330;
				LastUpgradeCheck = 1330;
				TargetAttributes = {
					FB61B9332958A9AA00D571C0 = {
						CreatedOnToolsVersion = 13.3;
					};
				};
			};
			buildConfigurationList = FB61B92F2958A9AA00D571C0 /* Build configuration list for PBXProject "GifSearch" */;
			compatibilityVersion = "Xcode 13.0";
			developmentRegion = en;
			hasScannedForEncodings = 0;
			knownRegions = (
				en,
				Base,
			);
			mainGroup = FB61B92B2958A9AA00D571C0;
			packageReferences = (
				FB61B94D2959A5B300D571C0 /* XCRemoteSwiftPackageReference "FLAnimatedImage" */,
			);
			productRefGroup = FB61B9352958A9AA00D571C0 /* Products */;
			projectDirPath = "";
			projectRoot = "";
			targets = (
				FB61B9332958A9AA00D571C0 /* GifSearch */,
			);
		};
/* End PBXProject section */

/* Begin PBXResourcesBuildPhase section */
		FB61B9322958A9AA00D571C0 /* Resources */ = {
			isa = PBXResourcesBuildPhase;
			buildActionMask = 2147483647;
			files = (
				FB61B9442958A9AC00D571C0 /* LaunchScreen.storyboard in Resources */,
				FB61B9412958A9AC00D571C0 /* Assets.xcassets in Resources */,
				FB61B93F2958A9AA00D571C0 /* Main.storyboard in Resources */,
			);
			runOnlyForDeploymentPostprocessing = 0;
		};
/* End PBXResourcesBuildPhase section */

/* Begin PBXSourcesBuildPhase section */
		FB61B9302958A9AA00D571C0 /* Sources */ = {
			isa = PBXSourcesBuildPhase;
			buildActionMask = 2147483647;
			files = (
				FB61B93C2958A9AA00D571C0 /* ViewController.swift in Sources */,
				FB61B9382958A9AA00D571C0 /* AppDelegate.swift in Sources */,
				FB61B93A2958A9AA00D571C0 /* SceneDelegate.swift in Sources */,
				FB61B94C2958BDE700D571C0 /* GifCollectionViewCell.swift in Sources */,
			);
			runOnlyForDeploymentPostprocessing = 0;
		};
/* End PBXSourcesBuildPhase section */

/* Begin PBXVariantGroup section */
		FB61B93D2958A9AA00D571C0 /* Main.storyboard */ = {
			isa = PBXVariantGroup;
			children = (
				FB61B93E2958A9AA00D571C0 /* Base */,
			);
			name = Main.storyboard;
			sourceTree = "<group>";
		};
		FB61B9422958A9AC00D571C0 /* LaunchScreen.storyboard */ = {
			isa = PBXVariantGroup;
			children = (
				FB61B9432958A9AC00D571C0 /* Base */,
			);
			name = LaunchScreen.storyboard;
			sourceTree = "<group>";
		};
/* End PBXVariantGroup section */

/* Begin XCBuildConfiguration section */
		FB61B9462958A9AC00D571C0 /* Debug */ = {
			isa = XCBuildConfiguration;
			buildSettings = {
				ALWAYS_SEARCH_USER_PATHS = NO;
				CLANG_ANALYZER_NONNULL = YES;
				CLANG_ANALYZER_NUMBER_OBJECT_CONVERSION = YES_AGGRESSIVE;
				CLANG_CXX_LANGUAGE_STANDARD = "gnu++17";
				CLANG_ENABLE_MODULES = YES;
				CLANG_ENABLE_OBJC_ARC = YES;
				CLANG_ENABLE_OBJC_WEAK = YES;
				CLANG_WARN_BLOCK_CAPTURE_AUTORELEASING = YES;
				CLANG_WARN_BOOL_CONVERSION = YES;
				CLANG_WARN_COMMA = YES;
				CLANG_WARN_CONSTANT_CONVERSION = YES;
				CLANG_WARN_DEPRECATED_OBJC_IMPLEMENTATIONS = YES;
				CLANG_WARN_DIRECT_OBJC_ISA_USAGE = YES_ERROR;
				CLANG_WARN_DOCUMENTATION_COMMENTS = YES;
				CLANG_WARN_EMPTY_BODY = YES;
				CLANG_WARN_ENUM_CONVERSION = YES;
				CLANG_WARN_INFINITE_RECURSION = YES;
				CLANG_WARN_INT_CONVERSION = YES;
				CLANG_WARN_NON_LITERAL_NULL_CONVERSION = YES;
				CLANG_WARN_OBJC_IMPLICIT_RETAIN_SELF = YES;
				CLANG_WARN_OBJC_LITERAL_CONVERSION = YES;
				CLANG_WARN_OBJC_ROOT_CLASS = YES_ERROR;
				CLANG_WARN_QUOTED_INCLUDE_IN_FRAMEWORK_HEADER = YES;
				CLANG_WARN_RANGE_LOOP_ANALYSIS = YES;
				CLANG_WARN_STRICT_PROTOTYPES = YES;
				CLANG_WARN_SUSPICIOUS_MOVE = YES;
				CLANG_WARN_UNGUARDED_AVAILABILITY = YES_AGGRESSIVE;
				CLANG_WARN_UNREACHABLE_CODE = YES;
				CLANG_WARN__DUPLICATE_METHOD_MATCH = YES;
				COPY_PHASE_STRIP = NO;
				DEBUG_INFORMATION_FORMAT = dwarf;
				ENABLE_STRICT_OBJC_MSGSEND = YES;
				ENABLE_TESTABILITY = YES;
				GCC_C_LANGUAGE_STANDARD = gnu11;
				GCC_DYNAMIC_NO_PIC = NO;
				GCC_NO_COMMON_BLOCKS = YES;
				GCC_OPTIMIZATION_LEVEL = 0;
				GCC_PREPROCESSOR_DEFINITIONS = (
					"DEBUG=1",
					"$(inherited)",
				);
				GCC_WARN_64_TO_32_BIT_CONVERSION = YES;
				GCC_WARN_ABOUT_RETURN_TYPE = YES_ERROR;
				GCC_WARN_UNDECLARED_SELECTOR = YES;
				GCC_WARN_UNINITIALIZED_AUTOS = YES_AGGRESSIVE;
				GCC_WARN_UNUSED_FUNCTION = YES;
				GCC_WARN_UNUSED_VARIABLE = YES;
				IPHONEOS_DEPLOYMENT_TARGET = 15.4;
				MTL_ENABLE_DEBUG_INFO = INCLUDE_SOURCE;
				MTL_FAST_MATH = YES;
				ONLY_ACTIVE_ARCH = YES;
				SDKROOT = iphoneos;
				SWIFT_ACTIVE_COMPILATION_CONDITIONS = DEBUG;
				SWIFT_OPTIMIZATION_LEVEL = "-Onone";
			};
			name = Debug;
		};
		FB61B9472958A9AC00D571C0 /* Release */ = {
			isa = XCBuildConfiguration;
			buildSettings = {
				ALWAYS_SEARCH_USER_PATHS = NO;
				CLANG_ANALYZER_NONNULL = YES;
				CLANG_ANALYZER_NUMBER_OBJECT_CONVERSION = YES_AGGRESSIVE;
				CLANG_CXX_LANGUAGE_STANDARD = "gnu++17";
				CLANG_ENABLE_MODULES = YES;
				CLANG_ENABLE_OBJC_ARC = YES;
				CLANG_ENABLE_OBJC_WEAK = YES;
				CLANG_WARN_BLOCK_CAPTURE_AUTORELEASING = YES;
				CLANG_WARN_BOOL_CONVERSION = YES;
				CLANG_WARN_COMMA = YES;
				CLANG_WARN_CONSTANT_CONVERSION = YES;
				CLANG_WARN_DEPRECATED_OBJC_IMPLEMENTATIONS = YES;
				CLANG_WARN_DIRECT_OBJC_ISA_USAGE = YES_ERROR;
				CLANG_WARN_DOCUMENTATION_COMMENTS = YES;
				CLANG_WARN_EMPTY_BODY = YES;
				CLANG_WARN_ENUM_CONVERSION = YES;
				CLANG_WARN_INFINITE_RECURSION = YES;
				CLANG_WARN_INT_CONVERSION = YES;
				CLANG_WARN_NON_LITERAL_NULL_CONVERSION = YES;
				CLANG_WARN_OBJC_IMPLICIT_RETAIN_SELF = YES;
				CLANG_WARN_OBJC_LITERAL_CONVERSION = YES;
				CLANG_WARN_OBJC_ROOT_CLASS = YES_ERROR;
				CLANG_WARN_QUOTED_INCLUDE_IN_FRAMEWORK_HEADER = YES;
				CLANG_WARN_RANGE_LOOP_ANALYSIS = YES;
				CLANG_WARN_STRICT_PROTOTYPES = YES;
				CLANG_WARN_SUSPICIOUS_MOVE = YES;
				CLANG_WARN_UNGUARDED_AVAILABILITY = YES_AGGRESSIVE;
				CLANG_WARN_UNREACHABLE_CODE = YES;
				CLANG_WARN__DUPLICATE_METHOD_MATCH = YES;
				COPY_PHASE_STRIP = NO;
				DEBUG_INFORMATION_FORMAT = "dwarf-with-dsym";
				ENABLE_NS_ASSERTIONS = NO;
				ENABLE_STRICT_OBJC_MSGSEND = YES;
				GCC_C_LANGUAGE_STANDARD = gnu11;
				GCC_NO_COMMON_BLOCKS = YES;
				GCC_WARN_64_TO_32_BIT_CONVERSION = YES;
				GCC_WARN_ABOUT_RETURN_TYPE = YES_ERROR;
				GCC_WARN_UNDECLARED_SELECTOR = YES;
				GCC_WARN_UNINITIALIZED_AUTOS = YES_AGGRESSIVE;
				GCC_WARN_UNUSED_FUNCTION = YES;
				GCC_WARN_UNUSED_VARIABLE = YES;
				IPHONEOS_DEPLOYMENT_TARGET = 15.4;
				MTL_ENABLE_DEBUG_INFO = NO;
				MTL_FAST_MATH = YES;
				SDKROOT = iphoneos;
				SWIFT_COMPILATION_MODE = wholemodule;
				SWIFT_OPTIMIZATION_LEVEL = "-O";
				VALIDATE_PRODUCT = YES;
			};
			name = Release;
		};
		FB61B9492958A9AC00D571C0 /* Debug */ = {
			isa = XCBuildConfiguration;
			buildSettings = {
				ASSETCATALOG_COMPILER_APPICON_NAME = AppIcon;
				ASSETCATALOG_COMPILER_GLOBAL_ACCENT_COLOR_NAME = AccentColor;
				CODE_SIGN_STYLE = Automatic;
				CURRENT_PROJECT_VERSION = 1;
				DEVELOPMENT_TEAM = 576HMU6B6A;
				GENERATE_INFOPLIST_FILE = YES;
				INFOPLIST_FILE = GifSearch/Info.plist;
				INFOPLIST_KEY_UIApplicationSupportsIndirectInputEvents = YES;
				INFOPLIST_KEY_UILaunchStoryboardName = LaunchScreen;
				INFOPLIST_KEY_UIMainStoryboardFile = Main;
				INFOPLIST_KEY_UISupportedInterfaceOrientations_iPad = "UIInterfaceOrientationPortrait UIInterfaceOrientationPortraitUpsideDown UIInterfaceOrientationLandscapeLeft UIInterfaceOrientationLandscapeRight";
				INFOPLIST_KEY_UISupportedInterfaceOrientations_iPhone = "UIInterfaceOrientationPortrait UIInterfaceOrientationLandscapeLeft UIInterfaceOrientationLandscapeRight";
				LD_RUNPATH_SEARCH_PATHS = (
					"$(inherited)",
					"@executable_path/Frameworks",
				);
				MARKETING_VERSION = 1.0;
				PRODUCT_BUNDLE_IDENTIFIER = pauls.GifSearch;
				PRODUCT_NAME = "$(TARGET_NAME)";
				SWIFT_EMIT_LOC_STRINGS = YES;
				SWIFT_VERSION = 5.0;
				TARGETED_DEVICE_FAMILY = "1,2";
			};
			name = Debug;
		};
		FB61B94A2958A9AC00D571C0 /* Release */ = {
			isa = XCBuildConfiguration;
			buildSettings = {
				ASSETCATALOG_COMPILER_APPICON_NAME = AppIcon;
				ASSETCATALOG_COMPILER_GLOBAL_ACCENT_COLOR_NAME = AccentColor;
				CODE_SIGN_STYLE = Automatic;
				CURRENT_PROJECT_VERSION = 1;
				DEVELOPMENT_TEAM = 576HMU6B6A;
				GENERATE_INFOPLIST_FILE = YES;
				INFOPLIST_FILE = GifSearch/Info.plist;
				INFOPLIST_KEY_UIApplicationSupportsIndirectInputEvents = YES;
				INFOPLIST_KEY_UILaunchStoryboardName = LaunchScreen;
				INFOPLIST_KEY_UIMainStoryboardFile = Main;
				INFOPLIST_KEY_UISupportedInterfaceOrientations_iPad = "UIInterfaceOrientationPortrait UIInterfaceOrientationPortraitUpsideDown UIInterfaceOrientationLandscapeLeft UIInterfaceOrientationLandscapeRight";
				INFOPLIST_KEY_UISupportedInterfaceOrientations_iPhone = "UIInterfaceOrientationPortrait UIInterfaceOrientationLandscapeLeft UIInterfaceOrientationLandscapeRight";
				LD_RUNPATH_SEARCH_PATHS = (
					"$(inherited)",
					"@executable_path/Frameworks",
				);
				MARKETING_VERSION = 1.0;
				PRODUCT_BUNDLE_IDENTIFIER = pauls.GifSearch;
				PRODUCT_NAME = "$(TARGET_NAME)";
				SWIFT_EMIT_LOC_STRINGS = YES;
				SWIFT_VERSION = 5.0;
				TARGETED_DEVICE_FAMILY = "1,2";
			};
			name = Release;
		};
/* End XCBuildConfiguration section */

/* Begin XCConfigurationList section */
		FB61B92F2958A9AA00D571C0 /* Build configuration list for PBXProject "GifSearch" */ = {
			isa = XCConfigurationList;
			buildConfigurations = (
				FB61B9462958A9AC00D571C0 /* Debug */,
				FB61B9472958A9AC00D571C0 /* Release */,
			);
			defaultConfigurationIsVisible = 0;
			defaultConfigurationName = Release;
		};
		FB61B9482958A9AC00D571C0 /* Build configuration list for PBXNativeTarget "GifSearch" */ = {
			isa = XCConfigurationList;
			buildConfigurations = (
				FB61B9492958A9AC00D571C0 /* Debug */,
				FB61B94A2958A9AC00D571C0 /* Release */,
			);
			defaultConfigurationIsVisible = 0;
			defaultConfigurationName = Release;
		};
/* End XCConfigurationList section */

/* Begin XCRemoteSwiftPackageReference section */
		FB61B94D2959A5B300D571C0 /* XCRemoteSwiftPackageReference "FLAnimatedImage" */ = {
			isa = XCRemoteSwiftPackageReference;
			repositoryURL = "https://github.com/Flipboard/FLAnimatedImage";
			requirement = {
				kind = upToNextMajorVersion;
				minimumVersion = 1.0.0;
			};
		};
/* End XCRemoteSwiftPackageReference section */

/* Begin XCSwiftPackageProductDependency section */
		FB61B94E2959A5B300D571C0 /* FLAnimatedImage */ = {
			isa = XCSwiftPackageProductDependency;
			package = FB61B94D2959A5B300D571C0 /* XCRemoteSwiftPackageReference "FLAnimatedImage" */;
			productName = FLAnimatedImage;
		};
/* End XCSwiftPackageProductDependency section */
	};
	rootObject = FB61B92C2958A9AA00D571C0 /* Project object */;
}
